// !$*UTF8*$!
{
	archiveVersion = 1;
	classes = {
	};
	objectVersion = 56;
	objects = {

/* Begin PBXBuildFile section */
		90237EFC2B7769F50023CFC7 /* FavouriteModel.swift in Sources */ = {isa = PBXBuildFile; fileRef = 90237EFB2B7769F50023CFC7 /* FavouriteModel.swift */; };
		9038224C2B7B528300BB7B93 /* URLType.swift in Sources */ = {isa = PBXBuildFile; fileRef = 9038224B2B7B528300BB7B93 /* URLType.swift */; };
		9060069D2B4D371100D04863 /* OnBoardController .swift in Sources */ = {isa = PBXBuildFile; fileRef = 9060069C2B4D371100D04863 /* OnBoardController .swift */; };
		9060069F2B4D376400D04863 /* centralGif.gif in Resources */ = {isa = PBXBuildFile; fileRef = 9060069E2B4D376400D04863 /* centralGif.gif */; };
		90616E092B493FFF0023A2E7 /* AppDelegate.swift in Sources */ = {isa = PBXBuildFile; fileRef = 90616E082B493FFF0023A2E7 /* AppDelegate.swift */; };
		90616E0B2B493FFF0023A2E7 /* SceneDelegate.swift in Sources */ = {isa = PBXBuildFile; fileRef = 90616E0A2B493FFF0023A2E7 /* SceneDelegate.swift */; };
		90616E102B493FFF0023A2E7 /* Main.storyboard in Resources */ = {isa = PBXBuildFile; fileRef = 90616E0E2B493FFF0023A2E7 /* Main.storyboard */; };
		90616E122B4940000023A2E7 /* Assets.xcassets in Resources */ = {isa = PBXBuildFile; fileRef = 90616E112B4940000023A2E7 /* Assets.xcassets */; };
		90616E152B4940000023A2E7 /* LaunchScreen.storyboard in Resources */ = {isa = PBXBuildFile; fileRef = 90616E132B4940000023A2E7 /* LaunchScreen.storyboard */; };
		90616E212B494EF90023A2E7 /* background.gif in Resources */ = {isa = PBXBuildFile; fileRef = 90616E202B494EF90023A2E7 /* background.gif */; };
		90616E242B4951670023A2E7 /* GifLoader.swift in Sources */ = {isa = PBXBuildFile; fileRef = 90616E232B4951670023A2E7 /* GifLoader.swift */; };
		906407DD2B51278C007C3ECB /* HomePageController.swift in Sources */ = {isa = PBXBuildFile; fileRef = 906407DC2B51278C007C3ECB /* HomePageController.swift */; };
		906407DF2B512799007C3ECB /* TrendingPageViewModel.swift in Sources */ = {isa = PBXBuildFile; fileRef = 906407DE2B512799007C3ECB /* TrendingPageViewModel.swift */; };
		906407E22B5127B8007C3ECB /* FavouritePageViewModel.swift in Sources */ = {isa = PBXBuildFile; fileRef = 906407E12B5127B8007C3ECB /* FavouritePageViewModel.swift */; };
		906407E42B5127CE007C3ECB /* FavouritePageController.swift in Sources */ = {isa = PBXBuildFile; fileRef = 906407E32B5127CE007C3ECB /* FavouritePageController.swift */; };
		906407E72B51281C007C3ECB /* ProfilePageController.swift in Sources */ = {isa = PBXBuildFile; fileRef = 906407E62B51281C007C3ECB /* ProfilePageController.swift */; };
		906407E92B512835007C3ECB /* ProfilePageViewModel.swift in Sources */ = {isa = PBXBuildFile; fileRef = 906407E82B512835007C3ECB /* ProfilePageViewModel.swift */; };
		906407ED2B5128F7007C3ECB /* TabBarController.swift in Sources */ = {isa = PBXBuildFile; fileRef = 906407EC2B5128F7007C3ECB /* TabBarController.swift */; };
		906407F02B513107007C3ECB /* Alamofire in Frameworks */ = {isa = PBXBuildFile; productRef = 906407EF2B513107007C3ECB /* Alamofire */; };
		906407F22B513137007C3ECB /* NetworkManager.swift in Sources */ = {isa = PBXBuildFile; fileRef = 906407F12B513137007C3ECB /* NetworkManager.swift */; };
		906407F42B5131FC007C3ECB /* NetworkHelper.swift in Sources */ = {isa = PBXBuildFile; fileRef = 906407F32B5131FC007C3ECB /* NetworkHelper.swift */; };
		906407F72B51345A007C3ECB /* TrendingModel.swift in Sources */ = {isa = PBXBuildFile; fileRef = 906407F62B51345A007C3ECB /* TrendingModel.swift */; };
		906407F92B5134DD007C3ECB /* TrendingListUseCase.swift in Sources */ = {isa = PBXBuildFile; fileRef = 906407F82B5134DD007C3ECB /* TrendingListUseCase.swift */; };
		906407FB2B5134E9007C3ECB /* TrendingManager.swift in Sources */ = {isa = PBXBuildFile; fileRef = 906407FA2B5134E9007C3ECB /* TrendingManager.swift */; };
		908D6D0B2B6A64EB009F71E9 /* UserProfile.swift in Sources */ = {isa = PBXBuildFile; fileRef = 908D6D0A2B6A64EB009F71E9 /* UserProfile.swift */; };
		908D6D1B2B6B9D6B009F71E9 /* LoginPageController.swift in Sources */ = {isa = PBXBuildFile; fileRef = 908D6D1A2B6B9D6B009F71E9 /* LoginPageController.swift */; };
		908D6D1E2B6B9D85009F71E9 /* RegistrationPageController.swift in Sources */ = {isa = PBXBuildFile; fileRef = 908D6D1D2B6B9D85009F71E9 /* RegistrationPageController.swift */; };
		908D6D2B2B6BABF2009F71E9 /* FirebaseAnalytics in Frameworks */ = {isa = PBXBuildFile; productRef = 908D6D2A2B6BABF2009F71E9 /* FirebaseAnalytics */; };
		908D6D2D2B6BABF2009F71E9 /* FirebaseAnalyticsOnDeviceConversion in Frameworks */ = {isa = PBXBuildFile; productRef = 908D6D2C2B6BABF2009F71E9 /* FirebaseAnalyticsOnDeviceConversion */; };
		908D6D2F2B6BABF2009F71E9 /* FirebaseAnalyticsSwift in Frameworks */ = {isa = PBXBuildFile; productRef = 908D6D2E2B6BABF2009F71E9 /* FirebaseAnalyticsSwift */; };
		908D6D312B6BABF2009F71E9 /* FirebaseAnalyticsWithoutAdIdSupport in Frameworks */ = {isa = PBXBuildFile; productRef = 908D6D302B6BABF2009F71E9 /* FirebaseAnalyticsWithoutAdIdSupport */; };
		908D6D332B6BABF2009F71E9 /* FirebaseAppCheck in Frameworks */ = {isa = PBXBuildFile; productRef = 908D6D322B6BABF2009F71E9 /* FirebaseAppCheck */; };
		908D6D352B6BABF2009F71E9 /* FirebaseAppDistribution-Beta in Frameworks */ = {isa = PBXBuildFile; productRef = 908D6D342B6BABF2009F71E9 /* FirebaseAppDistribution-Beta */; };
		908D6D372B6BABF2009F71E9 /* FirebaseAuth in Frameworks */ = {isa = PBXBuildFile; productRef = 908D6D362B6BABF2009F71E9 /* FirebaseAuth */; };
		908D6D392B6BABF2009F71E9 /* FirebaseAuthCombine-Community in Frameworks */ = {isa = PBXBuildFile; productRef = 908D6D382B6BABF2009F71E9 /* FirebaseAuthCombine-Community */; };
		908D6D3B2B6BABF2009F71E9 /* FirebaseCrashlytics in Frameworks */ = {isa = PBXBuildFile; productRef = 908D6D3A2B6BABF2009F71E9 /* FirebaseCrashlytics */; };
		908D6D3D2B6BABF2009F71E9 /* FirebaseDatabase in Frameworks */ = {isa = PBXBuildFile; productRef = 908D6D3C2B6BABF2009F71E9 /* FirebaseDatabase */; };
		908D6D3F2B6BABF2009F71E9 /* FirebaseDatabaseSwift in Frameworks */ = {isa = PBXBuildFile; productRef = 908D6D3E2B6BABF2009F71E9 /* FirebaseDatabaseSwift */; };
		908D6D412B6BABF2009F71E9 /* FirebaseDynamicLinks in Frameworks */ = {isa = PBXBuildFile; productRef = 908D6D402B6BABF2009F71E9 /* FirebaseDynamicLinks */; };
		908D6D432B6BABF2009F71E9 /* FirebaseFirestore in Frameworks */ = {isa = PBXBuildFile; productRef = 908D6D422B6BABF2009F71E9 /* FirebaseFirestore */; };
		908D6D452B6BABF2009F71E9 /* FirebaseFirestoreCombine-Community in Frameworks */ = {isa = PBXBuildFile; productRef = 908D6D442B6BABF2009F71E9 /* FirebaseFirestoreCombine-Community */; };
		908D6D472B6BABF2009F71E9 /* FirebaseFirestoreSwift in Frameworks */ = {isa = PBXBuildFile; productRef = 908D6D462B6BABF2009F71E9 /* FirebaseFirestoreSwift */; };
		908D6D492B6BABF2009F71E9 /* FirebaseFunctions in Frameworks */ = {isa = PBXBuildFile; productRef = 908D6D482B6BABF2009F71E9 /* FirebaseFunctions */; };
		908D6D4B2B6BABF2009F71E9 /* FirebaseFunctionsCombine-Community in Frameworks */ = {isa = PBXBuildFile; productRef = 908D6D4A2B6BABF2009F71E9 /* FirebaseFunctionsCombine-Community */; };
		908D6D4D2B6BABF2009F71E9 /* FirebaseInAppMessaging-Beta in Frameworks */ = {isa = PBXBuildFile; productRef = 908D6D4C2B6BABF2009F71E9 /* FirebaseInAppMessaging-Beta */; };
		908D6D4F2B6BABF2009F71E9 /* FirebaseInAppMessagingSwift-Beta in Frameworks */ = {isa = PBXBuildFile; productRef = 908D6D4E2B6BABF2009F71E9 /* FirebaseInAppMessagingSwift-Beta */; };
		908D6D512B6BABF2009F71E9 /* FirebaseInstallations in Frameworks */ = {isa = PBXBuildFile; productRef = 908D6D502B6BABF2009F71E9 /* FirebaseInstallations */; };
		908D6D532B6BABF2009F71E9 /* FirebaseMLModelDownloader in Frameworks */ = {isa = PBXBuildFile; productRef = 908D6D522B6BABF2009F71E9 /* FirebaseMLModelDownloader */; };
		908D6D552B6BABF2009F71E9 /* FirebaseMessaging in Frameworks */ = {isa = PBXBuildFile; productRef = 908D6D542B6BABF2009F71E9 /* FirebaseMessaging */; };
		908D6D572B6BABF2009F71E9 /* FirebasePerformance in Frameworks */ = {isa = PBXBuildFile; productRef = 908D6D562B6BABF2009F71E9 /* FirebasePerformance */; };
		908D6D592B6BABF2009F71E9 /* FirebaseRemoteConfig in Frameworks */ = {isa = PBXBuildFile; productRef = 908D6D582B6BABF2009F71E9 /* FirebaseRemoteConfig */; };
		908D6D5B2B6BABF2009F71E9 /* FirebaseRemoteConfigSwift in Frameworks */ = {isa = PBXBuildFile; productRef = 908D6D5A2B6BABF2009F71E9 /* FirebaseRemoteConfigSwift */; };
		908D6D5D2B6BABF2009F71E9 /* FirebaseStorage in Frameworks */ = {isa = PBXBuildFile; productRef = 908D6D5C2B6BABF2009F71E9 /* FirebaseStorage */; };
		908D6D602B6CC84C009F71E9 /* GoogleSignIn in Frameworks */ = {isa = PBXBuildFile; productRef = 908D6D5F2B6CC84C009F71E9 /* GoogleSignIn */; };
		908D6D622B6CC84C009F71E9 /* GoogleSignInSwift in Frameworks */ = {isa = PBXBuildFile; productRef = 908D6D612B6CC84C009F71E9 /* GoogleSignInSwift */; };
		908D6D662B6CCA6B009F71E9 /* GoogleService-Info.plist in Resources */ = {isa = PBXBuildFile; fileRef = 908D6D652B6CCA6B009F71E9 /* GoogleService-Info.plist */; };
		908D6D692B6CD604009F71E9 /* LoginAdapter.swift in Sources */ = {isa = PBXBuildFile; fileRef = 908D6D682B6CD604009F71E9 /* LoginAdapter.swift */; };
		908D6D6E2B6CDF36009F71E9 /* DatabaseAdapter.swift in Sources */ = {isa = PBXBuildFile; fileRef = 908D6D6D2B6CDF36009F71E9 /* DatabaseAdapter.swift */; };
		908D6D712B6CE113009F71E9 /* URLs.swift in Sources */ = {isa = PBXBuildFile; fileRef = 908D6D702B6CE113009F71E9 /* URLs.swift */; };
		908D6D7B2B6E3620009F71E9 /* SelectedItemViewModel.swift in Sources */ = {isa = PBXBuildFile; fileRef = 908D6D7A2B6E3620009F71E9 /* SelectedItemViewModel.swift */; };
		908D6D7D2B6E3639009F71E9 /* SelectedItemManager.swift in Sources */ = {isa = PBXBuildFile; fileRef = 908D6D7C2B6E3639009F71E9 /* SelectedItemManager.swift */; };
		908D6D7F2B6E3643009F71E9 /* SelectedItemUseCase.swift in Sources */ = {isa = PBXBuildFile; fileRef = 908D6D7E2B6E3643009F71E9 /* SelectedItemUseCase.swift */; };
		908D6D832B6E36AA009F71E9 /* SelectedItemPageController.swift in Sources */ = {isa = PBXBuildFile; fileRef = 908D6D822B6E36AA009F71E9 /* SelectedItemPageController.swift */; };
		909475732B56C8B800FFF157 /* icon.gif in Resources */ = {isa = PBXBuildFile; fileRef = 909475722B56C8B800FFF157 /* icon.gif */; };
		9094757C2B56D39100FFF157 /* CHTCollectionViewWaterfallLayout in Frameworks */ = {isa = PBXBuildFile; productRef = 9094757B2B56D39100FFF157 /* CHTCollectionViewWaterfallLayout */; };
		9094757E2B56D39100FFF157 /* CHTCollectionViewWaterfallLayoutObjC in Frameworks */ = {isa = PBXBuildFile; productRef = 9094757D2B56D39100FFF157 /* CHTCollectionViewWaterfallLayoutObjC */; };
		909475802B56D3C200FFF157 /* ImageCollecttionCell.swift in Sources */ = {isa = PBXBuildFile; fileRef = 9094757F2B56D3C200FFF157 /* ImageCollecttionCell.swift */; };
		909475822B56D51A00FFF157 /* ImageExtension.swift in Sources */ = {isa = PBXBuildFile; fileRef = 909475812B56D51A00FFF157 /* ImageExtension.swift */; };
		909475852B56D52600FFF157 /* SDWebImage in Frameworks */ = {isa = PBXBuildFile; productRef = 909475842B56D52600FFF157 /* SDWebImage */; };
		909475872B56D52600FFF157 /* SDWebImageMapKit in Frameworks */ = {isa = PBXBuildFile; productRef = 909475862B56D52600FFF157 /* SDWebImageMapKit */; };
		9098C1652B6F8D42006EEC26 /* SelectedGifModel.swift in Sources */ = {isa = PBXBuildFile; fileRef = 9098C1642B6F8D42006EEC26 /* SelectedGifModel.swift */; };
		90B6EADF2B70E06E009281E5 /* SearchPageController.swift in Sources */ = {isa = PBXBuildFile; fileRef = 90B6EADE2B70E06E009281E5 /* SearchPageController.swift */; };
		90B6EAE12B70E07F009281E5 /* SearchPageViewModel.swift in Sources */ = {isa = PBXBuildFile; fileRef = 90B6EAE02B70E07F009281E5 /* SearchPageViewModel.swift */; };
		90B6EAE32B70E0A2009281E5 /* SearchManager.swift in Sources */ = {isa = PBXBuildFile; fileRef = 90B6EAE22B70E0A2009281E5 /* SearchManager.swift */; };
		90B6EAE52B70E178009281E5 /* SearchUseCase.swift in Sources */ = {isa = PBXBuildFile; fileRef = 90B6EAE42B70E178009281E5 /* SearchUseCase.swift */; };
		90B6EAE72B70E183009281E5 /* SearchEndPoint.swift in Sources */ = {isa = PBXBuildFile; fileRef = 90B6EAE62B70E183009281E5 /* SearchEndPoint.swift */; };
		90C8BA652B5A5A760099A967 /* TrendingPageController.swift in Sources */ = {isa = PBXBuildFile; fileRef = 90C8BA642B5A5A760099A967 /* TrendingPageController.swift */; };
		90C8BA672B5A62AB0099A967 /* TrendingEndpoint.swift in Sources */ = {isa = PBXBuildFile; fileRef = 90C8BA662B5A62AB0099A967 /* TrendingEndpoint.swift */; };
		90C8BA692B5A7D080099A967 /* StickerPageController.swift in Sources */ = {isa = PBXBuildFile; fileRef = 90C8BA682B5A7D080099A967 /* StickerPageController.swift */; };
		90C8BA6B2B5A7D170099A967 /* StickerEndpoint.swift in Sources */ = {isa = PBXBuildFile; fileRef = 90C8BA6A2B5A7D170099A967 /* StickerEndpoint.swift */; };
		90C8BA6D2B5A7D230099A967 /* StickerPageViewModel.swift in Sources */ = {isa = PBXBuildFile; fileRef = 90C8BA6C2B5A7D230099A967 /* StickerPageViewModel.swift */; };
		90C8BA6F2B5A7D340099A967 /* StickerListUseCase.swift in Sources */ = {isa = PBXBuildFile; fileRef = 90C8BA6E2B5A7D340099A967 /* StickerListUseCase.swift */; };
		90C8BA712B5A7D460099A967 /* StickerManager.swift in Sources */ = {isa = PBXBuildFile; fileRef = 90C8BA702B5A7D460099A967 /* StickerManager.swift */; };
		90DE56412B760AC100C74B1A /* CurrentUserDetect.swift in Sources */ = {isa = PBXBuildFile; fileRef = 90DE56402B760AC100C74B1A /* CurrentUserDetect.swift */; };
		90DE56442B76167F00C74B1A /* profileBackgroundGIF.gif in Resources */ = {isa = PBXBuildFile; fileRef = 90DE56432B76167F00C74B1A /* profileBackgroundGIF.gif */; };
		90DE56462B76181300C74B1A /* profileGIF.gif in Resources */ = {isa = PBXBuildFile; fileRef = 90DE56452B76181300C74B1A /* profileGIF.gif */; };
/* End PBXBuildFile section */

/* Begin PBXFileReference section */
		90237EFB2B7769F50023CFC7 /* FavouriteModel.swift */ = {isa = PBXFileReference; lastKnownFileType = sourcecode.swift; path = FavouriteModel.swift; sourceTree = "<group>"; };
		9038224B2B7B528300BB7B93 /* URLType.swift */ = {isa = PBXFileReference; lastKnownFileType = sourcecode.swift; path = URLType.swift; sourceTree = "<group>"; };
		9060069C2B4D371100D04863 /* OnBoardController .swift */ = {isa = PBXFileReference; fileEncoding = 4; lastKnownFileType = sourcecode.swift; path = "OnBoardController .swift"; sourceTree = "<group>"; };
		9060069E2B4D376400D04863 /* centralGif.gif */ = {isa = PBXFileReference; lastKnownFileType = image.gif; path = centralGif.gif; sourceTree = "<group>"; };
		90616E052B493FFF0023A2E7 /* GIFinity.app */ = {isa = PBXFileReference; explicitFileType = wrapper.application; includeInIndex = 0; path = GIFinity.app; sourceTree = BUILT_PRODUCTS_DIR; };
		90616E082B493FFF0023A2E7 /* AppDelegate.swift */ = {isa = PBXFileReference; lastKnownFileType = sourcecode.swift; path = AppDelegate.swift; sourceTree = "<group>"; };
		90616E0A2B493FFF0023A2E7 /* SceneDelegate.swift */ = {isa = PBXFileReference; lastKnownFileType = sourcecode.swift; path = SceneDelegate.swift; sourceTree = "<group>"; };
		90616E0F2B493FFF0023A2E7 /* Base */ = {isa = PBXFileReference; lastKnownFileType = file.storyboard; name = Base; path = Base.lproj/Main.storyboard; sourceTree = "<group>"; };
		90616E112B4940000023A2E7 /* Assets.xcassets */ = {isa = PBXFileReference; lastKnownFileType = folder.assetcatalog; path = Assets.xcassets; sourceTree = "<group>"; };
		90616E142B4940000023A2E7 /* Base */ = {isa = PBXFileReference; lastKnownFileType = file.storyboard; name = Base; path = Base.lproj/LaunchScreen.storyboard; sourceTree = "<group>"; };
		90616E162B4940000023A2E7 /* Info.plist */ = {isa = PBXFileReference; lastKnownFileType = text.plist.xml; path = Info.plist; sourceTree = "<group>"; };
		90616E202B494EF90023A2E7 /* background.gif */ = {isa = PBXFileReference; lastKnownFileType = image.gif; path = background.gif; sourceTree = "<group>"; };
		90616E232B4951670023A2E7 /* GifLoader.swift */ = {isa = PBXFileReference; lastKnownFileType = sourcecode.swift; path = GifLoader.swift; sourceTree = "<group>"; };
		906407DC2B51278C007C3ECB /* HomePageController.swift */ = {isa = PBXFileReference; lastKnownFileType = sourcecode.swift; path = HomePageController.swift; sourceTree = "<group>"; };
		906407DE2B512799007C3ECB /* TrendingPageViewModel.swift */ = {isa = PBXFileReference; lastKnownFileType = sourcecode.swift; path = TrendingPageViewModel.swift; sourceTree = "<group>"; };
		906407E12B5127B8007C3ECB /* FavouritePageViewModel.swift */ = {isa = PBXFileReference; lastKnownFileType = sourcecode.swift; path = FavouritePageViewModel.swift; sourceTree = "<group>"; };
		906407E32B5127CE007C3ECB /* FavouritePageController.swift */ = {isa = PBXFileReference; lastKnownFileType = sourcecode.swift; path = FavouritePageController.swift; sourceTree = "<group>"; };
		906407E62B51281C007C3ECB /* ProfilePageController.swift */ = {isa = PBXFileReference; lastKnownFileType = sourcecode.swift; path = ProfilePageController.swift; sourceTree = "<group>"; };
		906407E82B512835007C3ECB /* ProfilePageViewModel.swift */ = {isa = PBXFileReference; lastKnownFileType = sourcecode.swift; path = ProfilePageViewModel.swift; sourceTree = "<group>"; };
		906407EC2B5128F7007C3ECB /* TabBarController.swift */ = {isa = PBXFileReference; lastKnownFileType = sourcecode.swift; path = TabBarController.swift; sourceTree = "<group>"; };
		906407F12B513137007C3ECB /* NetworkManager.swift */ = {isa = PBXFileReference; lastKnownFileType = sourcecode.swift; path = NetworkManager.swift; sourceTree = "<group>"; };
		906407F32B5131FC007C3ECB /* NetworkHelper.swift */ = {isa = PBXFileReference; lastKnownFileType = sourcecode.swift; path = NetworkHelper.swift; sourceTree = "<group>"; };
		906407F62B51345A007C3ECB /* TrendingModel.swift */ = {isa = PBXFileReference; lastKnownFileType = sourcecode.swift; path = TrendingModel.swift; sourceTree = "<group>"; };
		906407F82B5134DD007C3ECB /* TrendingListUseCase.swift */ = {isa = PBXFileReference; lastKnownFileType = sourcecode.swift; path = TrendingListUseCase.swift; sourceTree = "<group>"; };
		906407FA2B5134E9007C3ECB /* TrendingManager.swift */ = {isa = PBXFileReference; lastKnownFileType = sourcecode.swift; path = TrendingManager.swift; sourceTree = "<group>"; };
		908D6D0A2B6A64EB009F71E9 /* UserProfile.swift */ = {isa = PBXFileReference; lastKnownFileType = sourcecode.swift; path = UserProfile.swift; sourceTree = "<group>"; };
		908D6D1A2B6B9D6B009F71E9 /* LoginPageController.swift */ = {isa = PBXFileReference; lastKnownFileType = sourcecode.swift; path = LoginPageController.swift; sourceTree = "<group>"; };
		908D6D1D2B6B9D85009F71E9 /* RegistrationPageController.swift */ = {isa = PBXFileReference; lastKnownFileType = sourcecode.swift; path = RegistrationPageController.swift; sourceTree = "<group>"; };
		908D6D652B6CCA6B009F71E9 /* GoogleService-Info.plist */ = {isa = PBXFileReference; fileEncoding = 4; lastKnownFileType = text.plist.xml; path = "GoogleService-Info.plist"; sourceTree = "<group>"; };
		908D6D682B6CD604009F71E9 /* LoginAdapter.swift */ = {isa = PBXFileReference; lastKnownFileType = sourcecode.swift; path = LoginAdapter.swift; sourceTree = "<group>"; };
		908D6D6D2B6CDF36009F71E9 /* DatabaseAdapter.swift */ = {isa = PBXFileReference; lastKnownFileType = sourcecode.swift; path = DatabaseAdapter.swift; sourceTree = "<group>"; };
		908D6D702B6CE113009F71E9 /* URLs.swift */ = {isa = PBXFileReference; lastKnownFileType = sourcecode.swift; path = URLs.swift; sourceTree = "<group>"; };
		908D6D7A2B6E3620009F71E9 /* SelectedItemViewModel.swift */ = {isa = PBXFileReference; lastKnownFileType = sourcecode.swift; path = SelectedItemViewModel.swift; sourceTree = "<group>"; };
		908D6D7C2B6E3639009F71E9 /* SelectedItemManager.swift */ = {isa = PBXFileReference; lastKnownFileType = sourcecode.swift; path = SelectedItemManager.swift; sourceTree = "<group>"; };
		908D6D7E2B6E3643009F71E9 /* SelectedItemUseCase.swift */ = {isa = PBXFileReference; lastKnownFileType = sourcecode.swift; path = SelectedItemUseCase.swift; sourceTree = "<group>"; };
		908D6D822B6E36AA009F71E9 /* SelectedItemPageController.swift */ = {isa = PBXFileReference; lastKnownFileType = sourcecode.swift; path = SelectedItemPageController.swift; sourceTree = "<group>"; };
		909475722B56C8B800FFF157 /* icon.gif */ = {isa = PBXFileReference; lastKnownFileType = image.gif; path = icon.gif; sourceTree = "<group>"; };
		9094757F2B56D3C200FFF157 /* ImageCollecttionCell.swift */ = {isa = PBXFileReference; lastKnownFileType = sourcecode.swift; path = ImageCollecttionCell.swift; sourceTree = "<group>"; };
		909475812B56D51A00FFF157 /* ImageExtension.swift */ = {isa = PBXFileReference; lastKnownFileType = sourcecode.swift; path = ImageExtension.swift; sourceTree = "<group>"; };
		9098C1642B6F8D42006EEC26 /* SelectedGifModel.swift */ = {isa = PBXFileReference; lastKnownFileType = sourcecode.swift; path = SelectedGifModel.swift; sourceTree = "<group>"; };
		90B6EADE2B70E06E009281E5 /* SearchPageController.swift */ = {isa = PBXFileReference; lastKnownFileType = sourcecode.swift; path = SearchPageController.swift; sourceTree = "<group>"; };
		90B6EAE02B70E07F009281E5 /* SearchPageViewModel.swift */ = {isa = PBXFileReference; lastKnownFileType = sourcecode.swift; path = SearchPageViewModel.swift; sourceTree = "<group>"; };
		90B6EAE22B70E0A2009281E5 /* SearchManager.swift */ = {isa = PBXFileReference; lastKnownFileType = sourcecode.swift; path = SearchManager.swift; sourceTree = "<group>"; };
		90B6EAE42B70E178009281E5 /* SearchUseCase.swift */ = {isa = PBXFileReference; lastKnownFileType = sourcecode.swift; path = SearchUseCase.swift; sourceTree = "<group>"; };
		90B6EAE62B70E183009281E5 /* SearchEndPoint.swift */ = {isa = PBXFileReference; lastKnownFileType = sourcecode.swift; path = SearchEndPoint.swift; sourceTree = "<group>"; };
		90C8BA642B5A5A760099A967 /* TrendingPageController.swift */ = {isa = PBXFileReference; lastKnownFileType = sourcecode.swift; path = TrendingPageController.swift; sourceTree = "<group>"; };
		90C8BA662B5A62AB0099A967 /* TrendingEndpoint.swift */ = {isa = PBXFileReference; lastKnownFileType = sourcecode.swift; path = TrendingEndpoint.swift; sourceTree = "<group>"; };
		90C8BA682B5A7D080099A967 /* StickerPageController.swift */ = {isa = PBXFileReference; lastKnownFileType = sourcecode.swift; path = StickerPageController.swift; sourceTree = "<group>"; };
		90C8BA6A2B5A7D170099A967 /* StickerEndpoint.swift */ = {isa = PBXFileReference; lastKnownFileType = sourcecode.swift; path = StickerEndpoint.swift; sourceTree = "<group>"; };
		90C8BA6C2B5A7D230099A967 /* StickerPageViewModel.swift */ = {isa = PBXFileReference; lastKnownFileType = sourcecode.swift; path = StickerPageViewModel.swift; sourceTree = "<group>"; };
		90C8BA6E2B5A7D340099A967 /* StickerListUseCase.swift */ = {isa = PBXFileReference; lastKnownFileType = sourcecode.swift; path = StickerListUseCase.swift; sourceTree = "<group>"; };
		90C8BA702B5A7D460099A967 /* StickerManager.swift */ = {isa = PBXFileReference; lastKnownFileType = sourcecode.swift; path = StickerManager.swift; sourceTree = "<group>"; };
		90DE56402B760AC100C74B1A /* CurrentUserDetect.swift */ = {isa = PBXFileReference; lastKnownFileType = sourcecode.swift; path = CurrentUserDetect.swift; sourceTree = "<group>"; };
		90DE56432B76167F00C74B1A /* profileBackgroundGIF.gif */ = {isa = PBXFileReference; lastKnownFileType = image.gif; path = profileBackgroundGIF.gif; sourceTree = "<group>"; };
		90DE56452B76181300C74B1A /* profileGIF.gif */ = {isa = PBXFileReference; lastKnownFileType = image.gif; path = profileGIF.gif; sourceTree = "<group>"; };
/* End PBXFileReference section */

/* Begin PBXFrameworksBuildPhase section */
		90616E022B493FFF0023A2E7 /* Frameworks */ = {
			isa = PBXFrameworksBuildPhase;
			buildActionMask = 2147483647;
			files = (
				908D6D552B6BABF2009F71E9 /* FirebaseMessaging in Frameworks */,
				908D6D452B6BABF2009F71E9 /* FirebaseFirestoreCombine-Community in Frameworks */,
				908D6D3D2B6BABF2009F71E9 /* FirebaseDatabase in Frameworks */,
				9094757C2B56D39100FFF157 /* CHTCollectionViewWaterfallLayout in Frameworks */,
				908D6D5D2B6BABF2009F71E9 /* FirebaseStorage in Frameworks */,
				909475872B56D52600FFF157 /* SDWebImageMapKit in Frameworks */,
				908D6D2B2B6BABF2009F71E9 /* FirebaseAnalytics in Frameworks */,
				908D6D3B2B6BABF2009F71E9 /* FirebaseCrashlytics in Frameworks */,
				908D6D432B6BABF2009F71E9 /* FirebaseFirestore in Frameworks */,
				908D6D412B6BABF2009F71E9 /* FirebaseDynamicLinks in Frameworks */,
				908D6D2D2B6BABF2009F71E9 /* FirebaseAnalyticsOnDeviceConversion in Frameworks */,
				908D6D4B2B6BABF2009F71E9 /* FirebaseFunctionsCombine-Community in Frameworks */,
				908D6D4F2B6BABF2009F71E9 /* FirebaseInAppMessagingSwift-Beta in Frameworks */,
				908D6D532B6BABF2009F71E9 /* FirebaseMLModelDownloader in Frameworks */,
				908D6D4D2B6BABF2009F71E9 /* FirebaseInAppMessaging-Beta in Frameworks */,
				908D6D572B6BABF2009F71E9 /* FirebasePerformance in Frameworks */,
				908D6D392B6BABF2009F71E9 /* FirebaseAuthCombine-Community in Frameworks */,
				908D6D602B6CC84C009F71E9 /* GoogleSignIn in Frameworks */,
				908D6D2F2B6BABF2009F71E9 /* FirebaseAnalyticsSwift in Frameworks */,
				908D6D3F2B6BABF2009F71E9 /* FirebaseDatabaseSwift in Frameworks */,
				9094757E2B56D39100FFF157 /* CHTCollectionViewWaterfallLayoutObjC in Frameworks */,
				908D6D622B6CC84C009F71E9 /* GoogleSignInSwift in Frameworks */,
				908D6D592B6BABF2009F71E9 /* FirebaseRemoteConfig in Frameworks */,
				909475852B56D52600FFF157 /* SDWebImage in Frameworks */,
				908D6D372B6BABF2009F71E9 /* FirebaseAuth in Frameworks */,
				908D6D492B6BABF2009F71E9 /* FirebaseFunctions in Frameworks */,
				908D6D512B6BABF2009F71E9 /* FirebaseInstallations in Frameworks */,
				908D6D472B6BABF2009F71E9 /* FirebaseFirestoreSwift in Frameworks */,
				908D6D312B6BABF2009F71E9 /* FirebaseAnalyticsWithoutAdIdSupport in Frameworks */,
				908D6D332B6BABF2009F71E9 /* FirebaseAppCheck in Frameworks */,
				908D6D5B2B6BABF2009F71E9 /* FirebaseRemoteConfigSwift in Frameworks */,
				908D6D352B6BABF2009F71E9 /* FirebaseAppDistribution-Beta in Frameworks */,
				906407F02B513107007C3ECB /* Alamofire in Frameworks */,
			);
			runOnlyForDeploymentPostprocessing = 0;
		};
/* End PBXFrameworksBuildPhase section */

/* Begin PBXGroup section */
		906006A02B4D390100D04863 /* Authentication Page */ = {
			isa = PBXGroup;
			children = (
				908D6D192B6B9D5B009F71E9 /* Login Page */,
				908D6D1C2B6B9D71009F71E9 /* Registration Page */,
			);
			path = "Authentication Page";
			sourceTree = "<group>";
		};
		90616DFC2B493FFF0023A2E7 = {
			isa = PBXGroup;
			children = (
				90616E072B493FFF0023A2E7 /* GIFinity */,
				90616E062B493FFF0023A2E7 /* Products */,
			);
			sourceTree = "<group>";
		};
		90616E062B493FFF0023A2E7 /* Products */ = {
			isa = PBXGroup;
			children = (
				90616E052B493FFF0023A2E7 /* GIFinity.app */,
			);
			name = Products;
			sourceTree = "<group>";
		};
		90616E072B493FFF0023A2E7 /* GIFinity */ = {
			isa = PBXGroup;
			children = (
				90616E1C2B4949720023A2E7 /* On Boarding Page */,
				906006A02B4D390100D04863 /* Authentication Page */,
				906407DB2B51277A007C3ECB /* Home Page */,
				908D6D752B6E240C009F71E9 /* Selected Item Page */,
				909475882B56DF9600FFF157 /* Search Page  */,
				906407E02B51279F007C3ECB /* Favourite Page */,
				906407E52B512805007C3ECB /* Profile Page */,
				90616E082B493FFF0023A2E7 /* AppDelegate.swift */,
				90616E0A2B493FFF0023A2E7 /* SceneDelegate.swift */,
				90616E0E2B493FFF0023A2E7 /* Main.storyboard */,
				90616E222B4951550023A2E7 /* Helper */,
				909475792B56D1CA00FFF157 /* Cells */,
				90616E1F2B494EDE0023A2E7 /* Gifs */,
				9098C1632B6F8CFF006EEC26 /* Protocols */,
				906407EA2B512840007C3ECB /* Network Manager */,
				908D6D672B6CD5B7009F71E9 /* Adapter */,
				906407F52B51344A007C3ECB /* Data Manager */,
				906407EB2B5128DD007C3ECB /* Tab Bar Controller */,
				90616E112B4940000023A2E7 /* Assets.xcassets */,
				90616E132B4940000023A2E7 /* LaunchScreen.storyboard */,
				90616E162B4940000023A2E7 /* Info.plist */,
				908D6D652B6CCA6B009F71E9 /* GoogleService-Info.plist */,
			);
			path = GIFinity;
			sourceTree = "<group>";
		};
		90616E1C2B4949720023A2E7 /* On Boarding Page */ = {
			isa = PBXGroup;
			children = (
				9060069C2B4D371100D04863 /* OnBoardController .swift */,
			);
			path = "On Boarding Page";
			sourceTree = "<group>";
		};
		90616E1F2B494EDE0023A2E7 /* Gifs */ = {
			isa = PBXGroup;
			children = (
				90DE56452B76181300C74B1A /* profileGIF.gif */,
				909475722B56C8B800FFF157 /* icon.gif */,
				9060069E2B4D376400D04863 /* centralGif.gif */,
				90DE56432B76167F00C74B1A /* profileBackgroundGIF.gif */,
				90616E202B494EF90023A2E7 /* background.gif */,
			);
			path = Gifs;
			sourceTree = "<group>";
		};
		90616E222B4951550023A2E7 /* Helper */ = {
			isa = PBXGroup;
			children = (
				90616E232B4951670023A2E7 /* GifLoader.swift */,
				909475812B56D51A00FFF157 /* ImageExtension.swift */,
				908D6D702B6CE113009F71E9 /* URLs.swift */,
				90DE56402B760AC100C74B1A /* CurrentUserDetect.swift */,
			);
			path = Helper;
			sourceTree = "<group>";
		};
		906407DB2B51277A007C3ECB /* Home Page */ = {
			isa = PBXGroup;
			children = (
				906407DC2B51278C007C3ECB /* HomePageController.swift */,
				90C8BA622B5A5A3A0099A967 /* Trending Segment Controller */,
				90C8BA632B5A5A470099A967 /* Sticker Segment Controller */,
			);
			path = "Home Page";
			sourceTree = "<group>";
		};
		906407E02B51279F007C3ECB /* Favourite Page */ = {
			isa = PBXGroup;
			children = (
				906407E32B5127CE007C3ECB /* FavouritePageController.swift */,
				906407E12B5127B8007C3ECB /* FavouritePageViewModel.swift */,
			);
			path = "Favourite Page";
			sourceTree = "<group>";
		};
		906407E52B512805007C3ECB /* Profile Page */ = {
			isa = PBXGroup;
			children = (
				906407E62B51281C007C3ECB /* ProfilePageController.swift */,
				906407E82B512835007C3ECB /* ProfilePageViewModel.swift */,
			);
			path = "Profile Page";
			sourceTree = "<group>";
		};
		906407EA2B512840007C3ECB /* Network Manager */ = {
			isa = PBXGroup;
			children = (
				906407F12B513137007C3ECB /* NetworkManager.swift */,
				906407F32B5131FC007C3ECB /* NetworkHelper.swift */,
			);
			path = "Network Manager";
			sourceTree = "<group>";
		};
		906407EB2B5128DD007C3ECB /* Tab Bar Controller */ = {
			isa = PBXGroup;
			children = (
				906407EC2B5128F7007C3ECB /* TabBarController.swift */,
			);
			path = "Tab Bar Controller";
			sourceTree = "<group>";
		};
		906407F52B51344A007C3ECB /* Data Manager */ = {
			isa = PBXGroup;
			children = (
				906407F62B51345A007C3ECB /* TrendingModel.swift */,
				908D6D0A2B6A64EB009F71E9 /* UserProfile.swift */,
				9098C1642B6F8D42006EEC26 /* SelectedGifModel.swift */,
				90237EFB2B7769F50023CFC7 /* FavouriteModel.swift */,
				9038224B2B7B528300BB7B93 /* URLType.swift */,
			);
			path = "Data Manager";
			sourceTree = "<group>";
		};
		908D6D192B6B9D5B009F71E9 /* Login Page */ = {
			isa = PBXGroup;
			children = (
				908D6D1A2B6B9D6B009F71E9 /* LoginPageController.swift */,
			);
			path = "Login Page";
			sourceTree = "<group>";
		};
		908D6D1C2B6B9D71009F71E9 /* Registration Page */ = {
			isa = PBXGroup;
			children = (
				908D6D1D2B6B9D85009F71E9 /* RegistrationPageController.swift */,
			);
			path = "Registration Page";
			sourceTree = "<group>";
		};
		908D6D672B6CD5B7009F71E9 /* Adapter */ = {
			isa = PBXGroup;
			children = (
				908D6D682B6CD604009F71E9 /* LoginAdapter.swift */,
				908D6D6D2B6CDF36009F71E9 /* DatabaseAdapter.swift */,
			);
			path = Adapter;
			sourceTree = "<group>";
		};
		908D6D752B6E240C009F71E9 /* Selected Item Page */ = {
			isa = PBXGroup;
			children = (
				908D6D822B6E36AA009F71E9 /* SelectedItemPageController.swift */,
				908D6D7A2B6E3620009F71E9 /* SelectedItemViewModel.swift */,
				908D6D7C2B6E3639009F71E9 /* SelectedItemManager.swift */,
				908D6D7E2B6E3643009F71E9 /* SelectedItemUseCase.swift */,
			);
			path = "Selected Item Page";
			sourceTree = "<group>";
		};
		909475792B56D1CA00FFF157 /* Cells */ = {
			isa = PBXGroup;
			children = (
				9094757F2B56D3C200FFF157 /* ImageCollecttionCell.swift */,
			);
			path = Cells;
			sourceTree = "<group>";
		};
		909475882B56DF9600FFF157 /* Search Page  */ = {
			isa = PBXGroup;
			children = (
				90B6EADE2B70E06E009281E5 /* SearchPageController.swift */,
				90B6EAE02B70E07F009281E5 /* SearchPageViewModel.swift */,
				90B6EAE22B70E0A2009281E5 /* SearchManager.swift */,
				90B6EAE42B70E178009281E5 /* SearchUseCase.swift */,
				90B6EAE62B70E183009281E5 /* SearchEndPoint.swift */,
			);
			path = "Search Page ";
			sourceTree = "<group>";
		};
		9098C1632B6F8CFF006EEC26 /* Protocols */ = {
			isa = PBXGroup;
			children = (
			);
			path = Protocols;
			sourceTree = "<group>";
		};
		90C8BA622B5A5A3A0099A967 /* Trending Segment Controller */ = {
			isa = PBXGroup;
			children = (
				90C8BA642B5A5A760099A967 /* TrendingPageController.swift */,
				906407DE2B512799007C3ECB /* TrendingPageViewModel.swift */,
				906407FA2B5134E9007C3ECB /* TrendingManager.swift */,
				906407F82B5134DD007C3ECB /* TrendingListUseCase.swift */,
				90C8BA662B5A62AB0099A967 /* TrendingEndpoint.swift */,
			);
			path = "Trending Segment Controller";
			sourceTree = "<group>";
		};
		90C8BA632B5A5A470099A967 /* Sticker Segment Controller */ = {
			isa = PBXGroup;
			children = (
				90C8BA682B5A7D080099A967 /* StickerPageController.swift */,
				90C8BA6C2B5A7D230099A967 /* StickerPageViewModel.swift */,
				90C8BA702B5A7D460099A967 /* StickerManager.swift */,
				90C8BA6E2B5A7D340099A967 /* StickerListUseCase.swift */,
				90C8BA6A2B5A7D170099A967 /* StickerEndpoint.swift */,
			);
			path = "Sticker Segment Controller";
			sourceTree = "<group>";
		};
/* End PBXGroup section */

/* Begin PBXNativeTarget section */
		90616E042B493FFF0023A2E7 /* GIFinity */ = {
			isa = PBXNativeTarget;
			buildConfigurationList = 90616E192B4940000023A2E7 /* Build configuration list for PBXNativeTarget "GIFinity" */;
			buildPhases = (
				90616E012B493FFF0023A2E7 /* Sources */,
				90616E022B493FFF0023A2E7 /* Frameworks */,
				90616E032B493FFF0023A2E7 /* Resources */,
			);
			buildRules = (
			);
			dependencies = (
			);
			name = GIFinity;
			packageProductDependencies = (
				906407EF2B513107007C3ECB /* Alamofire */,
				9094757B2B56D39100FFF157 /* CHTCollectionViewWaterfallLayout */,
				9094757D2B56D39100FFF157 /* CHTCollectionViewWaterfallLayoutObjC */,
				909475842B56D52600FFF157 /* SDWebImage */,
				909475862B56D52600FFF157 /* SDWebImageMapKit */,
				908D6D2A2B6BABF2009F71E9 /* FirebaseAnalytics */,
				908D6D2C2B6BABF2009F71E9 /* FirebaseAnalyticsOnDeviceConversion */,
				908D6D2E2B6BABF2009F71E9 /* FirebaseAnalyticsSwift */,
				908D6D302B6BABF2009F71E9 /* FirebaseAnalyticsWithoutAdIdSupport */,
				908D6D322B6BABF2009F71E9 /* FirebaseAppCheck */,
				908D6D342B6BABF2009F71E9 /* FirebaseAppDistribution-Beta */,
				908D6D362B6BABF2009F71E9 /* FirebaseAuth */,
				908D6D382B6BABF2009F71E9 /* FirebaseAuthCombine-Community */,
				908D6D3A2B6BABF2009F71E9 /* FirebaseCrashlytics */,
				908D6D3C2B6BABF2009F71E9 /* FirebaseDatabase */,
				908D6D3E2B6BABF2009F71E9 /* FirebaseDatabaseSwift */,
				908D6D402B6BABF2009F71E9 /* FirebaseDynamicLinks */,
				908D6D422B6BABF2009F71E9 /* FirebaseFirestore */,
				908D6D442B6BABF2009F71E9 /* FirebaseFirestoreCombine-Community */,
				908D6D462B6BABF2009F71E9 /* FirebaseFirestoreSwift */,
				908D6D482B6BABF2009F71E9 /* FirebaseFunctions */,
				908D6D4A2B6BABF2009F71E9 /* FirebaseFunctionsCombine-Community */,
				908D6D4C2B6BABF2009F71E9 /* FirebaseInAppMessaging-Beta */,
				908D6D4E2B6BABF2009F71E9 /* FirebaseInAppMessagingSwift-Beta */,
				908D6D502B6BABF2009F71E9 /* FirebaseInstallations */,
				908D6D522B6BABF2009F71E9 /* FirebaseMLModelDownloader */,
				908D6D542B6BABF2009F71E9 /* FirebaseMessaging */,
				908D6D562B6BABF2009F71E9 /* FirebasePerformance */,
				908D6D582B6BABF2009F71E9 /* FirebaseRemoteConfig */,
				908D6D5A2B6BABF2009F71E9 /* FirebaseRemoteConfigSwift */,
				908D6D5C2B6BABF2009F71E9 /* FirebaseStorage */,
				908D6D5F2B6CC84C009F71E9 /* GoogleSignIn */,
				908D6D612B6CC84C009F71E9 /* GoogleSignInSwift */,
			);
			productName = GIFinity;
			productReference = 90616E052B493FFF0023A2E7 /* GIFinity.app */;
			productType = "com.apple.product-type.application";
		};
/* End PBXNativeTarget section */

/* Begin PBXProject section */
		90616DFD2B493FFF0023A2E7 /* Project object */ = {
			isa = PBXProject;
			attributes = {
				BuildIndependentTargetsInParallel = 1;
				LastSwiftUpdateCheck = 1510;
				LastUpgradeCheck = 1510;
				TargetAttributes = {
					90616E042B493FFF0023A2E7 = {
						CreatedOnToolsVersion = 15.1;
					};
				};
			};
			buildConfigurationList = 90616E002B493FFF0023A2E7 /* Build configuration list for PBXProject "GIFinity" */;
			compatibilityVersion = "Xcode 14.0";
			developmentRegion = en;
			hasScannedForEncodings = 0;
			knownRegions = (
				en,
				Base,
			);
			mainGroup = 90616DFC2B493FFF0023A2E7;
			packageReferences = (
				906407EE2B513107007C3ECB /* XCRemoteSwiftPackageReference "Alamofire" */,
				9094757A2B56D39100FFF157 /* XCRemoteSwiftPackageReference "CHTCollectionViewWaterfallLayout" */,
				909475832B56D52600FFF157 /* XCRemoteSwiftPackageReference "SDWebImage" */,
				908D6D292B6BABF2009F71E9 /* XCRemoteSwiftPackageReference "firebase-ios-sdk" */,
				908D6D5E2B6CC84C009F71E9 /* XCRemoteSwiftPackageReference "GoogleSignIn-iOS" */,
			);
			productRefGroup = 90616E062B493FFF0023A2E7 /* Products */;
			projectDirPath = "";
			projectRoot = "";
			targets = (
				90616E042B493FFF0023A2E7 /* GIFinity */,
			);
		};
/* End PBXProject section */

/* Begin PBXResourcesBuildPhase section */
		90616E032B493FFF0023A2E7 /* Resources */ = {
			isa = PBXResourcesBuildPhase;
			buildActionMask = 2147483647;
			files = (
				90616E152B4940000023A2E7 /* LaunchScreen.storyboard in Resources */,
				909475732B56C8B800FFF157 /* icon.gif in Resources */,
				90616E122B4940000023A2E7 /* Assets.xcassets in Resources */,
				90DE56442B76167F00C74B1A /* profileBackgroundGIF.gif in Resources */,
				90616E212B494EF90023A2E7 /* background.gif in Resources */,
				9060069F2B4D376400D04863 /* centralGif.gif in Resources */,
				90616E102B493FFF0023A2E7 /* Main.storyboard in Resources */,
				908D6D662B6CCA6B009F71E9 /* GoogleService-Info.plist in Resources */,
				90DE56462B76181300C74B1A /* profileGIF.gif in Resources */,
			);
			runOnlyForDeploymentPostprocessing = 0;
		};
/* End PBXResourcesBuildPhase section */

/* Begin PBXSourcesBuildPhase section */
		90616E012B493FFF0023A2E7 /* Sources */ = {
			isa = PBXSourcesBuildPhase;
			buildActionMask = 2147483647;
			files = (
				908D6D1B2B6B9D6B009F71E9 /* LoginPageController.swift in Sources */,
				90C8BA6F2B5A7D340099A967 /* StickerListUseCase.swift in Sources */,
				906407E72B51281C007C3ECB /* ProfilePageController.swift in Sources */,
				908D6D692B6CD604009F71E9 /* LoginAdapter.swift in Sources */,
				9060069D2B4D371100D04863 /* OnBoardController .swift in Sources */,
				90C8BA6B2B5A7D170099A967 /* StickerEndpoint.swift in Sources */,
				906407F72B51345A007C3ECB /* TrendingModel.swift in Sources */,
				90B6EAE32B70E0A2009281E5 /* SearchManager.swift in Sources */,
				90616E092B493FFF0023A2E7 /* AppDelegate.swift in Sources */,
				906407E42B5127CE007C3ECB /* FavouritePageController.swift in Sources */,
				90237EFC2B7769F50023CFC7 /* FavouriteModel.swift in Sources */,
				908D6D712B6CE113009F71E9 /* URLs.swift in Sources */,
				90C8BA712B5A7D460099A967 /* StickerManager.swift in Sources */,
				908D6D0B2B6A64EB009F71E9 /* UserProfile.swift in Sources */,
				906407F92B5134DD007C3ECB /* TrendingListUseCase.swift in Sources */,
				908D6D7F2B6E3643009F71E9 /* SelectedItemUseCase.swift in Sources */,
				90DE56412B760AC100C74B1A /* CurrentUserDetect.swift in Sources */,
				906407DF2B512799007C3ECB /* TrendingPageViewModel.swift in Sources */,
				909475822B56D51A00FFF157 /* ImageExtension.swift in Sources */,
				90C8BA652B5A5A760099A967 /* TrendingPageController.swift in Sources */,
				90C8BA6D2B5A7D230099A967 /* StickerPageViewModel.swift in Sources */,
				908D6D6E2B6CDF36009F71E9 /* DatabaseAdapter.swift in Sources */,
				908D6D7D2B6E3639009F71E9 /* SelectedItemManager.swift in Sources */,
				908D6D7B2B6E3620009F71E9 /* SelectedItemViewModel.swift in Sources */,
				908D6D1E2B6B9D85009F71E9 /* RegistrationPageController.swift in Sources */,
				90B6EAE72B70E183009281E5 /* SearchEndPoint.swift in Sources */,
				909475802B56D3C200FFF157 /* ImageCollecttionCell.swift in Sources */,
				90C8BA692B5A7D080099A967 /* StickerPageController.swift in Sources */,
				906407FB2B5134E9007C3ECB /* TrendingManager.swift in Sources */,
				9038224C2B7B528300BB7B93 /* URLType.swift in Sources */,
				906407F42B5131FC007C3ECB /* NetworkHelper.swift in Sources */,
				906407DD2B51278C007C3ECB /* HomePageController.swift in Sources */,
				90B6EAE12B70E07F009281E5 /* SearchPageViewModel.swift in Sources */,
				90616E0B2B493FFF0023A2E7 /* SceneDelegate.swift in Sources */,
				906407E92B512835007C3ECB /* ProfilePageViewModel.swift in Sources */,
				90B6EAE52B70E178009281E5 /* SearchUseCase.swift in Sources */,
				90B6EADF2B70E06E009281E5 /* SearchPageController.swift in Sources */,
				906407ED2B5128F7007C3ECB /* TabBarController.swift in Sources */,
				9098C1652B6F8D42006EEC26 /* SelectedGifModel.swift in Sources */,
				906407F22B513137007C3ECB /* NetworkManager.swift in Sources */,
				908D6D832B6E36AA009F71E9 /* SelectedItemPageController.swift in Sources */,
				90C8BA672B5A62AB0099A967 /* TrendingEndpoint.swift in Sources */,
				90616E242B4951670023A2E7 /* GifLoader.swift in Sources */,
				906407E22B5127B8007C3ECB /* FavouritePageViewModel.swift in Sources */,
			);
			runOnlyForDeploymentPostprocessing = 0;
		};
/* End PBXSourcesBuildPhase section */

/* Begin PBXVariantGroup section */
		90616E0E2B493FFF0023A2E7 /* Main.storyboard */ = {
			isa = PBXVariantGroup;
			children = (
				90616E0F2B493FFF0023A2E7 /* Base */,
			);
			name = Main.storyboard;
			sourceTree = "<group>";
		};
		90616E132B4940000023A2E7 /* LaunchScreen.storyboard */ = {
			isa = PBXVariantGroup;
			children = (
				90616E142B4940000023A2E7 /* Base */,
			);
			name = LaunchScreen.storyboard;
			sourceTree = "<group>";
		};
/* End PBXVariantGroup section */

/* Begin XCBuildConfiguration section */
		90616E172B4940000023A2E7 /* Debug */ = {
			isa = XCBuildConfiguration;
			buildSettings = {
				ALWAYS_SEARCH_USER_PATHS = NO;
				ASSETCATALOG_COMPILER_GENERATE_SWIFT_ASSET_SYMBOL_EXTENSIONS = YES;
				CLANG_ANALYZER_NONNULL = YES;
				CLANG_ANALYZER_NUMBER_OBJECT_CONVERSION = YES_AGGRESSIVE;
				CLANG_CXX_LANGUAGE_STANDARD = "gnu++20";
				CLANG_ENABLE_MODULES = YES;
				CLANG_ENABLE_OBJC_ARC = YES;
				CLANG_ENABLE_OBJC_WEAK = YES;
				CLANG_WARN_BLOCK_CAPTURE_AUTORELEASING = YES;
				CLANG_WARN_BOOL_CONVERSION = YES;
				CLANG_WARN_COMMA = YES;
				CLANG_WARN_CONSTANT_CONVERSION = YES;
				CLANG_WARN_DEPRECATED_OBJC_IMPLEMENTATIONS = YES;
				CLANG_WARN_DIRECT_OBJC_ISA_USAGE = YES_ERROR;
				CLANG_WARN_DOCUMENTATION_COMMENTS = YES;
				CLANG_WARN_EMPTY_BODY = YES;
				CLANG_WARN_ENUM_CONVERSION = YES;
				CLANG_WARN_INFINITE_RECURSION = YES;
				CLANG_WARN_INT_CONVERSION = YES;
				CLANG_WARN_NON_LITERAL_NULL_CONVERSION = YES;
				CLANG_WARN_OBJC_IMPLICIT_RETAIN_SELF = YES;
				CLANG_WARN_OBJC_LITERAL_CONVERSION = YES;
				CLANG_WARN_OBJC_ROOT_CLASS = YES_ERROR;
				CLANG_WARN_QUOTED_INCLUDE_IN_FRAMEWORK_HEADER = YES;
				CLANG_WARN_RANGE_LOOP_ANALYSIS = YES;
				CLANG_WARN_STRICT_PROTOTYPES = YES;
				CLANG_WARN_SUSPICIOUS_MOVE = YES;
				CLANG_WARN_UNGUARDED_AVAILABILITY = YES_AGGRESSIVE;
				CLANG_WARN_UNREACHABLE_CODE = YES;
				CLANG_WARN__DUPLICATE_METHOD_MATCH = YES;
				COPY_PHASE_STRIP = NO;
				DEBUG_INFORMATION_FORMAT = dwarf;
				ENABLE_STRICT_OBJC_MSGSEND = YES;
				ENABLE_TESTABILITY = YES;
				ENABLE_USER_SCRIPT_SANDBOXING = YES;
				GCC_C_LANGUAGE_STANDARD = gnu17;
				GCC_DYNAMIC_NO_PIC = NO;
				GCC_NO_COMMON_BLOCKS = YES;
				GCC_OPTIMIZATION_LEVEL = 0;
				GCC_PREPROCESSOR_DEFINITIONS = (
					"DEBUG=1",
					"$(inherited)",
				);
				GCC_WARN_64_TO_32_BIT_CONVERSION = YES;
				GCC_WARN_ABOUT_RETURN_TYPE = YES_ERROR;
				GCC_WARN_UNDECLARED_SELECTOR = YES;
				GCC_WARN_UNINITIALIZED_AUTOS = YES_AGGRESSIVE;
				GCC_WARN_UNUSED_FUNCTION = YES;
				GCC_WARN_UNUSED_VARIABLE = YES;
				IPHONEOS_DEPLOYMENT_TARGET = 17.2;
				LOCALIZATION_PREFERS_STRING_CATALOGS = YES;
				MTL_ENABLE_DEBUG_INFO = INCLUDE_SOURCE;
				MTL_FAST_MATH = YES;
				ONLY_ACTIVE_ARCH = YES;
				SDKROOT = iphoneos;
				SWIFT_ACTIVE_COMPILATION_CONDITIONS = "DEBUG $(inherited)";
				SWIFT_OPTIMIZATION_LEVEL = "-Onone";
			};
			name = Debug;
		};
		90616E182B4940000023A2E7 /* Release */ = {
			isa = XCBuildConfiguration;
			buildSettings = {
				ALWAYS_SEARCH_USER_PATHS = NO;
				ASSETCATALOG_COMPILER_GENERATE_SWIFT_ASSET_SYMBOL_EXTENSIONS = YES;
				CLANG_ANALYZER_NONNULL = YES;
				CLANG_ANALYZER_NUMBER_OBJECT_CONVERSION = YES_AGGRESSIVE;
				CLANG_CXX_LANGUAGE_STANDARD = "gnu++20";
				CLANG_ENABLE_MODULES = YES;
				CLANG_ENABLE_OBJC_ARC = YES;
				CLANG_ENABLE_OBJC_WEAK = YES;
				CLANG_WARN_BLOCK_CAPTURE_AUTORELEASING = YES;
				CLANG_WARN_BOOL_CONVERSION = YES;
				CLANG_WARN_COMMA = YES;
				CLANG_WARN_CONSTANT_CONVERSION = YES;
				CLANG_WARN_DEPRECATED_OBJC_IMPLEMENTATIONS = YES;
				CLANG_WARN_DIRECT_OBJC_ISA_USAGE = YES_ERROR;
				CLANG_WARN_DOCUMENTATION_COMMENTS = YES;
				CLANG_WARN_EMPTY_BODY = YES;
				CLANG_WARN_ENUM_CONVERSION = YES;
				CLANG_WARN_INFINITE_RECURSION = YES;
				CLANG_WARN_INT_CONVERSION = YES;
				CLANG_WARN_NON_LITERAL_NULL_CONVERSION = YES;
				CLANG_WARN_OBJC_IMPLICIT_RETAIN_SELF = YES;
				CLANG_WARN_OBJC_LITERAL_CONVERSION = YES;
				CLANG_WARN_OBJC_ROOT_CLASS = YES_ERROR;
				CLANG_WARN_QUOTED_INCLUDE_IN_FRAMEWORK_HEADER = YES;
				CLANG_WARN_RANGE_LOOP_ANALYSIS = YES;
				CLANG_WARN_STRICT_PROTOTYPES = YES;
				CLANG_WARN_SUSPICIOUS_MOVE = YES;
				CLANG_WARN_UNGUARDED_AVAILABILITY = YES_AGGRESSIVE;
				CLANG_WARN_UNREACHABLE_CODE = YES;
				CLANG_WARN__DUPLICATE_METHOD_MATCH = YES;
				COPY_PHASE_STRIP = NO;
				DEBUG_INFORMATION_FORMAT = "dwarf-with-dsym";
				ENABLE_NS_ASSERTIONS = NO;
				ENABLE_STRICT_OBJC_MSGSEND = YES;
				ENABLE_USER_SCRIPT_SANDBOXING = YES;
				GCC_C_LANGUAGE_STANDARD = gnu17;
				GCC_NO_COMMON_BLOCKS = YES;
				GCC_WARN_64_TO_32_BIT_CONVERSION = YES;
				GCC_WARN_ABOUT_RETURN_TYPE = YES_ERROR;
				GCC_WARN_UNDECLARED_SELECTOR = YES;
				GCC_WARN_UNINITIALIZED_AUTOS = YES_AGGRESSIVE;
				GCC_WARN_UNUSED_FUNCTION = YES;
				GCC_WARN_UNUSED_VARIABLE = YES;
				IPHONEOS_DEPLOYMENT_TARGET = 17.2;
				LOCALIZATION_PREFERS_STRING_CATALOGS = YES;
				MTL_ENABLE_DEBUG_INFO = NO;
				MTL_FAST_MATH = YES;
				SDKROOT = iphoneos;
				SWIFT_COMPILATION_MODE = wholemodule;
				VALIDATE_PRODUCT = YES;
			};
			name = Release;
		};
		90616E1A2B4940000023A2E7 /* Debug */ = {
			isa = XCBuildConfiguration;
			buildSettings = {
				ASSETCATALOG_COMPILER_APPICON_NAME = AppIcon;
				ASSETCATALOG_COMPILER_GLOBAL_ACCENT_COLOR_NAME = AccentColor;
				CODE_SIGN_STYLE = Automatic;
				CURRENT_PROJECT_VERSION = 1;
				GENERATE_INFOPLIST_FILE = YES;
				INFOPLIST_FILE = GIFinity/Info.plist;
				INFOPLIST_KEY_UIApplicationSupportsIndirectInputEvents = YES;
				INFOPLIST_KEY_UILaunchStoryboardName = LaunchScreen;
				INFOPLIST_KEY_UIMainStoryboardFile = Main;
				INFOPLIST_KEY_UISupportedInterfaceOrientations_iPad = "UIInterfaceOrientationPortrait UIInterfaceOrientationPortraitUpsideDown UIInterfaceOrientationLandscapeLeft UIInterfaceOrientationLandscapeRight";
				INFOPLIST_KEY_UISupportedInterfaceOrientations_iPhone = "UIInterfaceOrientationPortrait UIInterfaceOrientationLandscapeLeft UIInterfaceOrientationLandscapeRight";
				LD_RUNPATH_SEARCH_PATHS = (
					"$(inherited)",
					"@executable_path/Frameworks",
				);
				MARKETING_VERSION = 1.0;
				PRODUCT_BUNDLE_IDENTIFIER = com.ziyadkhan.GIFinity;
				PRODUCT_NAME = "$(TARGET_NAME)";
				SWIFT_EMIT_LOC_STRINGS = YES;
				SWIFT_VERSION = 5.0;
				TARGETED_DEVICE_FAMILY = "1,2";
			};
			name = Debug;
		};
		90616E1B2B4940000023A2E7 /* Release */ = {
			isa = XCBuildConfiguration;
			buildSettings = {
				ASSETCATALOG_COMPILER_APPICON_NAME = AppIcon;
				ASSETCATALOG_COMPILER_GLOBAL_ACCENT_COLOR_NAME = AccentColor;
				CODE_SIGN_STYLE = Automatic;
				CURRENT_PROJECT_VERSION = 1;
				GENERATE_INFOPLIST_FILE = YES;
				INFOPLIST_FILE = GIFinity/Info.plist;
				INFOPLIST_KEY_UIApplicationSupportsIndirectInputEvents = YES;
				INFOPLIST_KEY_UILaunchStoryboardName = LaunchScreen;
				INFOPLIST_KEY_UIMainStoryboardFile = Main;
				INFOPLIST_KEY_UISupportedInterfaceOrientations_iPad = "UIInterfaceOrientationPortrait UIInterfaceOrientationPortraitUpsideDown UIInterfaceOrientationLandscapeLeft UIInterfaceOrientationLandscapeRight";
				INFOPLIST_KEY_UISupportedInterfaceOrientations_iPhone = "UIInterfaceOrientationPortrait UIInterfaceOrientationLandscapeLeft UIInterfaceOrientationLandscapeRight";
				LD_RUNPATH_SEARCH_PATHS = (
					"$(inherited)",
					"@executable_path/Frameworks",
				);
				MARKETING_VERSION = 1.0;
				PRODUCT_BUNDLE_IDENTIFIER = com.ziyadkhan.GIFinity;
				PRODUCT_NAME = "$(TARGET_NAME)";
				SWIFT_EMIT_LOC_STRINGS = YES;
				SWIFT_VERSION = 5.0;
				TARGETED_DEVICE_FAMILY = "1,2";
			};
			name = Release;
		};
/* End XCBuildConfiguration section */

/* Begin XCConfigurationList section */
		90616E002B493FFF0023A2E7 /* Build configuration list for PBXProject "GIFinity" */ = {
			isa = XCConfigurationList;
			buildConfigurations = (
				90616E172B4940000023A2E7 /* Debug */,
				90616E182B4940000023A2E7 /* Release */,
			);
			defaultConfigurationIsVisible = 0;
			defaultConfigurationName = Release;
		};
		90616E192B4940000023A2E7 /* Build configuration list for PBXNativeTarget "GIFinity" */ = {
			isa = XCConfigurationList;
			buildConfigurations = (
				90616E1A2B4940000023A2E7 /* Debug */,
				90616E1B2B4940000023A2E7 /* Release */,
			);
			defaultConfigurationIsVisible = 0;
			defaultConfigurationName = Release;
		};
/* End XCConfigurationList section */

/* Begin XCRemoteSwiftPackageReference section */
		906407EE2B513107007C3ECB /* XCRemoteSwiftPackageReference "Alamofire" */ = {
			isa = XCRemoteSwiftPackageReference;
			repositoryURL = "https://github.com/Alamofire/Alamofire.git";
			requirement = {
				kind = upToNextMajorVersion;
				minimumVersion = 5.8.1;
			};
		};
		908D6D292B6BABF2009F71E9 /* XCRemoteSwiftPackageReference "firebase-ios-sdk" */ = {
			isa = XCRemoteSwiftPackageReference;
			repositoryURL = "https://github.com/firebase/firebase-ios-sdk.git";
			requirement = {
				kind = upToNextMajorVersion;
				minimumVersion = 10.20.0;
			};
		};
		908D6D5E2B6CC84C009F71E9 /* XCRemoteSwiftPackageReference "GoogleSignIn-iOS" */ = {
			isa = XCRemoteSwiftPackageReference;
			repositoryURL = "https://github.com/google/GoogleSignIn-iOS";
			requirement = {
				kind = upToNextMajorVersion;
				minimumVersion = 7.0.0;
			};
		};
		9094757A2B56D39100FFF157 /* XCRemoteSwiftPackageReference "CHTCollectionViewWaterfallLayout" */ = {
			isa = XCRemoteSwiftPackageReference;
			repositoryURL = "https://github.com/chiahsien/CHTCollectionViewWaterfallLayout.git";
			requirement = {
				kind = upToNextMajorVersion;
				minimumVersion = 0.9.10;
			};
		};
		909475832B56D52600FFF157 /* XCRemoteSwiftPackageReference "SDWebImage" */ = {
			isa = XCRemoteSwiftPackageReference;
			repositoryURL = "https://github.com/SDWebImage/SDWebImage.git";
			requirement = {
				kind = upToNextMajorVersion;
				minimumVersion = 5.18.10;
			};
		};
/* End XCRemoteSwiftPackageReference section */

/* Begin XCSwiftPackageProductDependency section */
		906407EF2B513107007C3ECB /* Alamofire */ = {
			isa = XCSwiftPackageProductDependency;
			package = 906407EE2B513107007C3ECB /* XCRemoteSwiftPackageReference "Alamofire" */;
			productName = Alamofire;
		};
		908D6D2A2B6BABF2009F71E9 /* FirebaseAnalytics */ = {
			isa = XCSwiftPackageProductDependency;
			package = 908D6D292B6BABF2009F71E9 /* XCRemoteSwiftPackageReference "firebase-ios-sdk" */;
			productName = FirebaseAnalytics;
		};
		908D6D2C2B6BABF2009F71E9 /* FirebaseAnalyticsOnDeviceConversion */ = {
			isa = XCSwiftPackageProductDependency;
			package = 908D6D292B6BABF2009F71E9 /* XCRemoteSwiftPackageReference "firebase-ios-sdk" */;
			productName = FirebaseAnalyticsOnDeviceConversion;
		};
		908D6D2E2B6BABF2009F71E9 /* FirebaseAnalyticsSwift */ = {
			isa = XCSwiftPackageProductDependency;
			package = 908D6D292B6BABF2009F71E9 /* XCRemoteSwiftPackageReference "firebase-ios-sdk" */;
			productName = FirebaseAnalyticsSwift;
		};
		908D6D302B6BABF2009F71E9 /* FirebaseAnalyticsWithoutAdIdSupport */ = {
			isa = XCSwiftPackageProductDependency;
			package = 908D6D292B6BABF2009F71E9 /* XCRemoteSwiftPackageReference "firebase-ios-sdk" */;
			productName = FirebaseAnalyticsWithoutAdIdSupport;
		};
		908D6D322B6BABF2009F71E9 /* FirebaseAppCheck */ = {
			isa = XCSwiftPackageProductDependency;
			package = 908D6D292B6BABF2009F71E9 /* XCRemoteSwiftPackageReference "firebase-ios-sdk" */;
			productName = FirebaseAppCheck;
		};
		908D6D342B6BABF2009F71E9 /* FirebaseAppDistribution-Beta */ = {
			isa = XCSwiftPackageProductDependency;
			package = 908D6D292B6BABF2009F71E9 /* XCRemoteSwiftPackageReference "firebase-ios-sdk" */;
			productName = "FirebaseAppDistribution-Beta";
		};
		908D6D362B6BABF2009F71E9 /* FirebaseAuth */ = {
			isa = XCSwiftPackageProductDependency;
			package = 908D6D292B6BABF2009F71E9 /* XCRemoteSwiftPackageReference "firebase-ios-sdk" */;
			productName = FirebaseAuth;
		};
		908D6D382B6BABF2009F71E9 /* FirebaseAuthCombine-Community */ = {
			isa = XCSwiftPackageProductDependency;
			package = 908D6D292B6BABF2009F71E9 /* XCRemoteSwiftPackageReference "firebase-ios-sdk" */;
			productName = "FirebaseAuthCombine-Community";
		};
		908D6D3A2B6BABF2009F71E9 /* FirebaseCrashlytics */ = {
			isa = XCSwiftPackageProductDependency;
			package = 908D6D292B6BABF2009F71E9 /* XCRemoteSwiftPackageReference "firebase-ios-sdk" */;
			productName = FirebaseCrashlytics;
		};
		908D6D3C2B6BABF2009F71E9 /* FirebaseDatabase */ = {
			isa = XCSwiftPackageProductDependency;
			package = 908D6D292B6BABF2009F71E9 /* XCRemoteSwiftPackageReference "firebase-ios-sdk" */;
			productName = FirebaseDatabase;
		};
		908D6D3E2B6BABF2009F71E9 /* FirebaseDatabaseSwift */ = {
			isa = XCSwiftPackageProductDependency;
			package = 908D6D292B6BABF2009F71E9 /* XCRemoteSwiftPackageReference "firebase-ios-sdk" */;
			productName = FirebaseDatabaseSwift;
		};
		908D6D402B6BABF2009F71E9 /* FirebaseDynamicLinks */ = {
			isa = XCSwiftPackageProductDependency;
			package = 908D6D292B6BABF2009F71E9 /* XCRemoteSwiftPackageReference "firebase-ios-sdk" */;
			productName = FirebaseDynamicLinks;
		};
		908D6D422B6BABF2009F71E9 /* FirebaseFirestore */ = {
			isa = XCSwiftPackageProductDependency;
			package = 908D6D292B6BABF2009F71E9 /* XCRemoteSwiftPackageReference "firebase-ios-sdk" */;
			productName = FirebaseFirestore;
		};
		908D6D442B6BABF2009F71E9 /* FirebaseFirestoreCombine-Community */ = {
			isa = XCSwiftPackageProductDependency;
			package = 908D6D292B6BABF2009F71E9 /* XCRemoteSwiftPackageReference "firebase-ios-sdk" */;
			productName = "FirebaseFirestoreCombine-Community";
		};
		908D6D462B6BABF2009F71E9 /* FirebaseFirestoreSwift */ = {
			isa = XCSwiftPackageProductDependency;
			package = 908D6D292B6BABF2009F71E9 /* XCRemoteSwiftPackageReference "firebase-ios-sdk" */;
			productName = FirebaseFirestoreSwift;
		};
		908D6D482B6BABF2009F71E9 /* FirebaseFunctions */ = {
			isa = XCSwiftPackageProductDependency;
			package = 908D6D292B6BABF2009F71E9 /* XCRemoteSwiftPackageReference "firebase-ios-sdk" */;
			productName = FirebaseFunctions;
		};
		908D6D4A2B6BABF2009F71E9 /* FirebaseFunctionsCombine-Community */ = {
			isa = XCSwiftPackageProductDependency;
			package = 908D6D292B6BABF2009F71E9 /* XCRemoteSwiftPackageReference "firebase-ios-sdk" */;
			productName = "FirebaseFunctionsCombine-Community";
		};
		908D6D4C2B6BABF2009F71E9 /* FirebaseInAppMessaging-Beta */ = {
			isa = XCSwiftPackageProductDependency;
			package = 908D6D292B6BABF2009F71E9 /* XCRemoteSwiftPackageReference "firebase-ios-sdk" */;
			productName = "FirebaseInAppMessaging-Beta";
		};
		908D6D4E2B6BABF2009F71E9 /* FirebaseInAppMessagingSwift-Beta */ = {
			isa = XCSwiftPackageProductDependency;
			package = 908D6D292B6BABF2009F71E9 /* XCRemoteSwiftPackageReference "firebase-ios-sdk" */;
			productName = "FirebaseInAppMessagingSwift-Beta";
		};
		908D6D502B6BABF2009F71E9 /* FirebaseInstallations */ = {
			isa = XCSwiftPackageProductDependency;
			package = 908D6D292B6BABF2009F71E9 /* XCRemoteSwiftPackageReference "firebase-ios-sdk" */;
			productName = FirebaseInstallations;
		};
		908D6D522B6BABF2009F71E9 /* FirebaseMLModelDownloader */ = {
			isa = XCSwiftPackageProductDependency;
			package = 908D6D292B6BABF2009F71E9 /* XCRemoteSwiftPackageReference "firebase-ios-sdk" */;
			productName = FirebaseMLModelDownloader;
		};
		908D6D542B6BABF2009F71E9 /* FirebaseMessaging */ = {
			isa = XCSwiftPackageProductDependency;
			package = 908D6D292B6BABF2009F71E9 /* XCRemoteSwiftPackageReference "firebase-ios-sdk" */;
			productName = FirebaseMessaging;
		};
		908D6D562B6BABF2009F71E9 /* FirebasePerformance */ = {
			isa = XCSwiftPackageProductDependency;
			package = 908D6D292B6BABF2009F71E9 /* XCRemoteSwiftPackageReference "firebase-ios-sdk" */;
			productName = FirebasePerformance;
		};
		908D6D582B6BABF2009F71E9 /* FirebaseRemoteConfig */ = {
			isa = XCSwiftPackageProductDependency;
			package = 908D6D292B6BABF2009F71E9 /* XCRemoteSwiftPackageReference "firebase-ios-sdk" */;
			productName = FirebaseRemoteConfig;
		};
		908D6D5A2B6BABF2009F71E9 /* FirebaseRemoteConfigSwift */ = {
			isa = XCSwiftPackageProductDependency;
			package = 908D6D292B6BABF2009F71E9 /* XCRemoteSwiftPackageReference "firebase-ios-sdk" */;
			productName = FirebaseRemoteConfigSwift;
		};
		908D6D5C2B6BABF2009F71E9 /* FirebaseStorage */ = {
			isa = XCSwiftPackageProductDependency;
			package = 908D6D292B6BABF2009F71E9 /* XCRemoteSwiftPackageReference "firebase-ios-sdk" */;
			productName = FirebaseStorage;
		};
		908D6D5F2B6CC84C009F71E9 /* GoogleSignIn */ = {
			isa = XCSwiftPackageProductDependency;
			package = 908D6D5E2B6CC84C009F71E9 /* XCRemoteSwiftPackageReference "GoogleSignIn-iOS" */;
			productName = GoogleSignIn;
		};
		908D6D612B6CC84C009F71E9 /* GoogleSignInSwift */ = {
			isa = XCSwiftPackageProductDependency;
			package = 908D6D5E2B6CC84C009F71E9 /* XCRemoteSwiftPackageReference "GoogleSignIn-iOS" */;
			productName = GoogleSignInSwift;
		};
		9094757B2B56D39100FFF157 /* CHTCollectionViewWaterfallLayout */ = {
			isa = XCSwiftPackageProductDependency;
			package = 9094757A2B56D39100FFF157 /* XCRemoteSwiftPackageReference "CHTCollectionViewWaterfallLayout" */;
			productName = CHTCollectionViewWaterfallLayout;
		};
		9094757D2B56D39100FFF157 /* CHTCollectionViewWaterfallLayoutObjC */ = {
			isa = XCSwiftPackageProductDependency;
			package = 9094757A2B56D39100FFF157 /* XCRemoteSwiftPackageReference "CHTCollectionViewWaterfallLayout" */;
			productName = CHTCollectionViewWaterfallLayoutObjC;
		};
		909475842B56D52600FFF157 /* SDWebImage */ = {
			isa = XCSwiftPackageProductDependency;
			package = 909475832B56D52600FFF157 /* XCRemoteSwiftPackageReference "SDWebImage" */;
			productName = SDWebImage;
		};
		909475862B56D52600FFF157 /* SDWebImageMapKit */ = {
			isa = XCSwiftPackageProductDependency;
			package = 909475832B56D52600FFF157 /* XCRemoteSwiftPackageReference "SDWebImage" */;
			productName = SDWebImageMapKit;
		};
/* End XCSwiftPackageProductDependency section */
	};
	rootObject = 90616DFD2B493FFF0023A2E7 /* Project object */;
}
